
Microsoft Visual Studio Solution File, Format Version 12.00
# Visual Studio 15
VisualStudioVersion = 15.0.27130.2024
MinimumVisualStudioVersion = 10.0.40219.1
Project("{FAE04EC0-301F-11D3-BF4B-00C04F79EFBC}") = "ovlinject", "ovlinject\ovlinject.csproj", "{746933C6-2E1D-4C20-926E-DD98DD8B7396}"
EndProject
Global
	GlobalSection(SolutionConfigurationPlatforms) = preSolution
		Debug|Any CPU = Debug|Any CPU
		Release|Any CPU = Release|Any CPU
	EndGlobalSection
	GlobalSection(ProjectConfigurationPlatforms) = postSolution
		{746933C6-2E1D-4C20-926E-DD98DD8B7396}.Debug|Any CPU.ActiveCfg = Debug|Any CPU
		{746933C6-2E1D-4C20-926E-DD98DD8B7396}.Debug|Any CPU.Build.0 = Debug|Any CPU
		{746933C6-2E1D-4C20-926E-DD98DD8B7396}.Release|Any CPU.ActiveCfg = Release|Any CPU
		{746933C6-2E1D-4C20-926E-DD98DD8B7396}.Release|Any CPU.Build.0 = Release|Any CPU
	EndGlobalSection
	GlobalSection(SolutionProperties) = preSolution
		HideSolutionNode = FALSE
	EndGlobalSection
	GlobalSection(ExtensibilityGlobals) = postSolution
		SolutionGuid = {46078719-6182-4244-86A3-BB060F0EDF1E}
	EndGlobalSection
EndGlobal
